PODS:
  - MidtransCoreKit (1.15.0)
  - MidtransKit (1.15.0):
    - MidtransCoreKit (= 1.15.0)
    - MidtransKit/UI (= 1.15.0)
  - MidtransKit/UI (1.15.0):
    - MidtransCoreKit (= 1.15.0)

DEPENDENCIES:
  - MidtransCoreKit
  - MidtransKit

SPEC REPOS:
  https://github.com/cocoapods/specs.git:
    - MidtransCoreKit
    - MidtransKit

SPEC CHECKSUMS:
  MidtransCoreKit: fc4bb7ee80b28e847ae0d44e2134a6c0e18d68a9
  MidtransKit: ad3fdd649354cbe3c4290c32cd64f296dc9a09f3

PODFILE CHECKSUM: 955ad0e5f336d21817e5e54ca5ed039a317ea7f4

COCOAPODS: 1.6.1
